
Microsoft Visual Studio Solution File, Format Version 12.00
# Visual Studio Version 17
VisualStudioVersion = 17.0.31903.59
MinimumVisualStudioVersion = 10.0.40219.1
Project("{FAE04EC0-301F-11D3-BF4B-00C04F79EFBC}") = "API", "API\API.csproj", "{C0B9D4AB-0EAB-4B76-AC8E-923170E53A03}"
EndProject
Project("{FAE04EC0-301F-11D3-BF4B-00C04F79EFBC}") = "API.Tests", "API.Tests\API.Tests.csproj", "{DD096449-315D-4CE5-87C9-54467233B5AD}"
EndProject
Global
	GlobalSection(SolutionConfigurationPlatforms) = preSolution
		Debug|Any CPU = Debug|Any CPU
		Release|Any CPU = Release|Any CPU
	EndGlobalSection
	GlobalSection(SolutionProperties) = preSolution
		HideSolutionNode = FALSE
	EndGlobalSection
	GlobalSection(ProjectConfigurationPlatforms) = postSolution
		{C0B9D4AB-0EAB-4B76-AC8E-923170E53A03}.Debug|Any CPU.ActiveCfg = Debug|Any CPU
		{C0B9D4AB-0EAB-4B76-AC8E-923170E53A03}.Debug|Any CPU.Build.0 = Debug|Any CPU
		{C0B9D4AB-0EAB-4B76-AC8E-923170E53A03}.Release|Any CPU.ActiveCfg = Release|Any CPU
		{C0B9D4AB-0EAB-4B76-AC8E-923170E53A03}.Release|Any CPU.Build.0 = Release|Any CPU
		{DD096449-315D-4CE5-87C9-54467233B5AD}.Debug|Any CPU.ActiveCfg = Debug|Any CPU
		{DD096449-315D-4CE5-87C9-54467233B5AD}.Debug|Any CPU.Build.0 = Debug|Any CPU
		{DD096449-315D-4CE5-87C9-54467233B5AD}.Release|Any CPU.ActiveCfg = Release|Any CPU
		{DD096449-315D-4CE5-87C9-54467233B5AD}.Release|Any CPU.Build.0 = Release|Any CPU
	EndGlobalSection
EndGlobal
